
Microsoft Visual Studio Solution File, Format Version 12.00
# Visual Studio Version 17
VisualStudioVersion = 17.1.32421.90
MinimumVisualStudioVersion = 10.0.40219.1
Project("{FAE04EC0-301F-11D3-BF4B-00C04F79EFBC}") = "PotatoChip", "PotatoChip\PotatoChip.csproj", "{B30C1E37-A96D-4E94-87B7-450D6E41D57D}"
EndProject
Global
	GlobalSection(SolutionConfigurationPlatforms) = preSolution
		Debug|Any CPU = Debug|Any CPU
		Release|Any CPU = Release|Any CPU
	EndGlobalSection
	GlobalSection(ProjectConfigurationPlatforms) = postSolution
		{B30C1E37-A96D-4E94-87B7-450D6E41D57D}.Debug|Any CPU.ActiveCfg = Debug|Any CPU
		{B30C1E37-A96D-4E94-87B7-450D6E41D57D}.Debug|Any CPU.Build.0 = Debug|Any CPU
		{B30C1E37-A96D-4E94-87B7-450D6E41D57D}.Release|Any CPU.ActiveCfg = Release|Any CPU
		{B30C1E37-A96D-4E94-87B7-450D6E41D57D}.Release|Any CPU.Build.0 = Release|Any CPU
	EndGlobalSection
	GlobalSection(SolutionProperties) = preSolution
		HideSolutionNode = FALSE
	EndGlobalSection
	GlobalSection(ExtensibilityGlobals) = postSolution
		SolutionGuid = {D2E9AB39-D957-43B3-9035-7F205FBE33B9}
	EndGlobalSection
EndGlobal
